// !$*UTF8*$!
{
	archiveVersion = 1;
	classes = {
	};
	objectVersion = 56;
	objects = {

/* Begin PBXBuildFile section */
		67B860EF2B9C5E1A00DAD132 /* GumboAppApp.swift in Sources */ = {isa = PBXBuildFile; fileRef = 67B860EE2B9C5E1A00DAD132 /* GumboAppApp.swift */; };
		67B860F12B9C5E1A00DAD132 /* ContentView.swift in Sources */ = {isa = PBXBuildFile; fileRef = 67B860F02B9C5E1A00DAD132 /* ContentView.swift */; };
		67B860F32B9C5E1C00DAD132 /* Assets.xcassets in Resources */ = {isa = PBXBuildFile; fileRef = 67B860F22B9C5E1C00DAD132 /* Assets.xcassets */; };
		67B860F62B9C5E1C00DAD132 /* Preview Assets.xcassets in Resources */ = {isa = PBXBuildFile; fileRef = 67B860F52B9C5E1C00DAD132 /* Preview Assets.xcassets */; };
		67B861062B9C843300DAD132 /* MainView.swift in Sources */ = {isa = PBXBuildFile; fileRef = 67B861052B9C843300DAD132 /* MainView.swift */; };
		67B861092B9C857500DAD132 /* GifView.swift in Sources */ = {isa = PBXBuildFile; fileRef = 67B861082B9C857500DAD132 /* GifView.swift */; };
		67B861132B9C982A00DAD132 /* GumboGif.gif in Resources */ = {isa = PBXBuildFile; fileRef = 67B861122B9C982A00DAD132 /* GumboGif.gif */; };
		67B8611B2B9C9A9200DAD132 /* FLAnimatedImage in Frameworks */ = {isa = PBXBuildFile; productRef = 67B8611A2B9C9A9200DAD132 /* FLAnimatedImage */; };
		67B8611E2B9CBC6400DAD132 /* ChooseMoodView.swift in Sources */ = {isa = PBXBuildFile; fileRef = 67B8611D2B9CBC6400DAD132 /* ChooseMoodView.swift */; };
		67B861212B9CC44900DAD132 /* QuoteView.swift in Sources */ = {isa = PBXBuildFile; fileRef = 67B861202B9CC44900DAD132 /* QuoteView.swift */; };
/* End PBXBuildFile section */

/* Begin PBXFileReference section */
		67B860EB2B9C5E1A00DAD132 /* GumboApp.app */ = {isa = PBXFileReference; explicitFileType = wrapper.application; includeInIndex = 0; path = GumboApp.app; sourceTree = BUILT_PRODUCTS_DIR; };
		67B860EE2B9C5E1A00DAD132 /* GumboAppApp.swift */ = {isa = PBXFileReference; lastKnownFileType = sourcecode.swift; path = GumboAppApp.swift; sourceTree = "<group>"; };
		67B860F02B9C5E1A00DAD132 /* ContentView.swift */ = {isa = PBXFileReference; lastKnownFileType = sourcecode.swift; path = ContentView.swift; sourceTree = "<group>"; };
		67B860F22B9C5E1C00DAD132 /* Assets.xcassets */ = {isa = PBXFileReference; lastKnownFileType = folder.assetcatalog; path = Assets.xcassets; sourceTree = "<group>"; };
		67B860F52B9C5E1C00DAD132 /* Preview Assets.xcassets */ = {isa = PBXFileReference; lastKnownFileType = folder.assetcatalog; path = "Preview Assets.xcassets"; sourceTree = "<group>"; };
		67B861052B9C843300DAD132 /* MainView.swift */ = {isa = PBXFileReference; lastKnownFileType = sourcecode.swift; path = MainView.swift; sourceTree = "<group>"; };
		67B861082B9C857500DAD132 /* GifView.swift */ = {isa = PBXFileReference; lastKnownFileType = sourcecode.swift; path = GifView.swift; sourceTree = "<group>"; };
		67B861122B9C982A00DAD132 /* GumboGif.gif */ = {isa = PBXFileReference; lastKnownFileType = image.gif; path = GumboGif.gif; sourceTree = "<group>"; };
		67B8611D2B9CBC6400DAD132 /* ChooseMoodView.swift */ = {isa = PBXFileReference; lastKnownFileType = sourcecode.swift; path = ChooseMoodView.swift; sourceTree = "<group>"; };
		67B861202B9CC44900DAD132 /* QuoteView.swift */ = {isa = PBXFileReference; lastKnownFileType = sourcecode.swift; path = QuoteView.swift; sourceTree = "<group>"; };
/* End PBXFileReference section */

/* Begin PBXFrameworksBuildPhase section */
		67B860E82B9C5E1A00DAD132 /* Frameworks */ = {
			isa = PBXFrameworksBuildPhase;
			buildActionMask = 2147483647;
			files = (
				67B8611B2B9C9A9200DAD132 /* FLAnimatedImage in Frameworks */,
			);
			runOnlyForDeploymentPostprocessing = 0;
		};
/* End PBXFrameworksBuildPhase section */

/* Begin PBXGroup section */
		67B860E22B9C5E1A00DAD132 = {
			isa = PBXGroup;
			children = (
				67B860ED2B9C5E1A00DAD132 /* GumboApp */,
				67B860EC2B9C5E1A00DAD132 /* Products */,
			);
			sourceTree = "<group>";
		};
		67B860EC2B9C5E1A00DAD132 /* Products */ = {
			isa = PBXGroup;
			children = (
				67B860EB2B9C5E1A00DAD132 /* GumboApp.app */,
			);
			name = Products;
			sourceTree = "<group>";
		};
		67B860ED2B9C5E1A00DAD132 /* GumboApp */ = {
			isa = PBXGroup;
			children = (
				67B861072B9C843A00DAD132 /* Helpers */,
				67B861032B9C840400DAD132 /* Screens */,
				67B860EE2B9C5E1A00DAD132 /* GumboAppApp.swift */,
				67B860F02B9C5E1A00DAD132 /* ContentView.swift */,
				67B860F22B9C5E1C00DAD132 /* Assets.xcassets */,
				67B860F42B9C5E1C00DAD132 /* Preview Content */,
			);
			path = GumboApp;
			sourceTree = "<group>";
		};
		67B860F42B9C5E1C00DAD132 /* Preview Content */ = {
			isa = PBXGroup;
			children = (
				67B860F52B9C5E1C00DAD132 /* Preview Assets.xcassets */,
			);
			path = "Preview Content";
			sourceTree = "<group>";
		};
		67B861032B9C840400DAD132 /* Screens */ = {
			isa = PBXGroup;
			children = (
				67B8611F2B9CC43800DAD132 /* QuoteView */,
				67B8611C2B9CBC5400DAD132 /* ChooseMoodView */,
				67B861042B9C840D00DAD132 /* MainScreen */,
			);
			path = Screens;
			sourceTree = "<group>";
		};
		67B861042B9C840D00DAD132 /* MainScreen */ = {
			isa = PBXGroup;
			children = (
				67B861052B9C843300DAD132 /* MainView.swift */,
			);
			path = MainScreen;
			sourceTree = "<group>";
		};
		67B861072B9C843A00DAD132 /* Helpers */ = {
			isa = PBXGroup;
			children = (
				67B861122B9C982A00DAD132 /* GumboGif.gif */,
				67B861082B9C857500DAD132 /* GifView.swift */,
			);
			path = Helpers;
			sourceTree = "<group>";
		};
		67B8611C2B9CBC5400DAD132 /* ChooseMoodView */ = {
			isa = PBXGroup;
			children = (
				67B8611D2B9CBC6400DAD132 /* ChooseMoodView.swift */,
			);
			path = ChooseMoodView;
			sourceTree = "<group>";
		};
		67B8611F2B9CC43800DAD132 /* QuoteView */ = {
			isa = PBXGroup;
			children = (
				67B861202B9CC44900DAD132 /* QuoteView.swift */,
			);
			path = QuoteView;
			sourceTree = "<group>";
		};
/* End PBXGroup section */

/* Begin PBXNativeTarget section */
		67B860EA2B9C5E1A00DAD132 /* GumboApp */ = {
			isa = PBXNativeTarget;
			buildConfigurationList = 67B860F92B9C5E1C00DAD132 /* Build configuration list for PBXNativeTarget "GumboApp" */;
			buildPhases = (
				67B860E72B9C5E1A00DAD132 /* Sources */,
				67B860E82B9C5E1A00DAD132 /* Frameworks */,
				67B860E92B9C5E1A00DAD132 /* Resources */,
			);
			buildRules = (
			);
			dependencies = (
			);
			name = GumboApp;
			packageProductDependencies = (
				67B8611A2B9C9A9200DAD132 /* FLAnimatedImage */,
			);
			productName = GumboApp;
			productReference = 67B860EB2B9C5E1A00DAD132 /* GumboApp.app */;
			productType = "com.apple.product-type.application";
		};
/* End PBXNativeTarget section */

/* Begin PBXProject section */
		67B860E32B9C5E1A00DAD132 /* Project object */ = {
			isa = PBXProject;
			attributes = {
				BuildIndependentTargetsInParallel = 1;
				LastSwiftUpdateCheck = 1500;
				LastUpgradeCheck = 1500;
				TargetAttributes = {
					67B860EA2B9C5E1A00DAD132 = {
						CreatedOnToolsVersion = 15.0.1;
					};
				};
			};
			buildConfigurationList = 67B860E62B9C5E1A00DAD132 /* Build configuration list for PBXProject "GumboApp" */;
			compatibilityVersion = "Xcode 14.0";
			developmentRegion = en;
			hasScannedForEncodings = 0;
			knownRegions = (
				en,
				Base,
			);
			mainGroup = 67B860E22B9C5E1A00DAD132;
			packageReferences = (
				67B861192B9C9A9200DAD132 /* XCRemoteSwiftPackageReference "FLAnimatedImage" */,
			);
			productRefGroup = 67B860EC2B9C5E1A00DAD132 /* Products */;
			projectDirPath = "";
			projectRoot = "";
			targets = (
				67B860EA2B9C5E1A00DAD132 /* GumboApp */,
			);
		};
/* End PBXProject section */

/* Begin PBXResourcesBuildPhase section */
		67B860E92B9C5E1A00DAD132 /* Resources */ = {
			isa = PBXResourcesBuildPhase;
			buildActionMask = 2147483647;
			files = (
				67B860F62B9C5E1C00DAD132 /* Preview Assets.xcassets in Resources */,
				67B860F32B9C5E1C00DAD132 /* Assets.xcassets in Resources */,
				67B861132B9C982A00DAD132 /* GumboGif.gif in Resources */,
			);
			runOnlyForDeploymentPostprocessing = 0;
		};
/* End PBXResourcesBuildPhase section */

/* Begin PBXSourcesBuildPhase section */
		67B860E72B9C5E1A00DAD132 /* Sources */ = {
			isa = PBXSourcesBuildPhase;
			buildActionMask = 2147483647;
			files = (
				67B8611E2B9CBC6400DAD132 /* ChooseMoodView.swift in Sources */,
				67B861212B9CC44900DAD132 /* QuoteView.swift in Sources */,
				67B860F12B9C5E1A00DAD132 /* ContentView.swift in Sources */,
				67B861062B9C843300DAD132 /* MainView.swift in Sources */,
				67B860EF2B9C5E1A00DAD132 /* GumboAppApp.swift in Sources */,
				67B861092B9C857500DAD132 /* GifView.swift in Sources */,
			);
			runOnlyForDeploymentPostprocessing = 0;
		};
/* End PBXSourcesBuildPhase section */

/* Begin XCBuildConfiguration section */
		67B860F72B9C5E1C00DAD132 /* Debug */ = {
			isa = XCBuildConfiguration;
			buildSettings = {
				ALWAYS_SEARCH_USER_PATHS = NO;
				ASSETCATALOG_COMPILER_GENERATE_SWIFT_ASSET_SYMBOL_EXTENSIONS = YES;
				CLANG_ANALYZER_NONNULL = YES;
				CLANG_ANALYZER_NUMBER_OBJECT_CONVERSION = YES_AGGRESSIVE;
				CLANG_CXX_LANGUAGE_STANDARD = "gnu++20";
				CLANG_ENABLE_MODULES = YES;
				CLANG_ENABLE_OBJC_ARC = YES;
				CLANG_ENABLE_OBJC_WEAK = YES;
				CLANG_WARN_BLOCK_CAPTURE_AUTORELEASING = YES;
				CLANG_WARN_BOOL_CONVERSION = YES;
				CLANG_WARN_COMMA = YES;
				CLANG_WARN_CONSTANT_CONVERSION = YES;
				CLANG_WARN_DEPRECATED_OBJC_IMPLEMENTATIONS = YES;
				CLANG_WARN_DIRECT_OBJC_ISA_USAGE = YES_ERROR;
				CLANG_WARN_DOCUMENTATION_COMMENTS = YES;
				CLANG_WARN_EMPTY_BODY = YES;
				CLANG_WARN_ENUM_CONVERSION = YES;
				CLANG_WARN_INFINITE_RECURSION = YES;
				CLANG_WARN_INT_CONVERSION = YES;
				CLANG_WARN_NON_LITERAL_NULL_CONVERSION = YES;
				CLANG_WARN_OBJC_IMPLICIT_RETAIN_SELF = YES;
				CLANG_WARN_OBJC_LITERAL_CONVERSION = YES;
				CLANG_WARN_OBJC_ROOT_CLASS = YES_ERROR;
				CLANG_WARN_QUOTED_INCLUDE_IN_FRAMEWORK_HEADER = YES;
				CLANG_WARN_RANGE_LOOP_ANALYSIS = YES;
				CLANG_WARN_STRICT_PROTOTYPES = YES;
				CLANG_WARN_SUSPICIOUS_MOVE = YES;
				CLANG_WARN_UNGUARDED_AVAILABILITY = YES_AGGRESSIVE;
				CLANG_WARN_UNREACHABLE_CODE = YES;
				CLANG_WARN__DUPLICATE_METHOD_MATCH = YES;
				COPY_PHASE_STRIP = NO;
				DEBUG_INFORMATION_FORMAT = dwarf;
				ENABLE_STRICT_OBJC_MSGSEND = YES;
				ENABLE_TESTABILITY = YES;
				ENABLE_USER_SCRIPT_SANDBOXING = YES;
				GCC_C_LANGUAGE_STANDARD = gnu17;
				GCC_DYNAMIC_NO_PIC = NO;
				GCC_NO_COMMON_BLOCKS = YES;
				GCC_OPTIMIZATION_LEVEL = 0;
				GCC_PREPROCESSOR_DEFINITIONS = (
					"DEBUG=1",
					"$(inherited)",
				);
				GCC_WARN_64_TO_32_BIT_CONVERSION = YES;
				GCC_WARN_ABOUT_RETURN_TYPE = YES_ERROR;
				GCC_WARN_UNDECLARED_SELECTOR = YES;
				GCC_WARN_UNINITIALIZED_AUTOS = YES_AGGRESSIVE;
				GCC_WARN_UNUSED_FUNCTION = YES;
				GCC_WARN_UNUSED_VARIABLE = YES;
				IPHONEOS_DEPLOYMENT_TARGET = 17.0;
				LOCALIZATION_PREFERS_STRING_CATALOGS = YES;
				MTL_ENABLE_DEBUG_INFO = INCLUDE_SOURCE;
				MTL_FAST_MATH = YES;
				ONLY_ACTIVE_ARCH = YES;
				SDKROOT = iphoneos;
				SWIFT_ACTIVE_COMPILATION_CONDITIONS = "DEBUG $(inherited)";
				SWIFT_OPTIMIZATION_LEVEL = "-Onone";
			};
			name = Debug;
		};
		67B860F82B9C5E1C00DAD132 /* Release */ = {
			isa = XCBuildConfiguration;
			buildSettings = {
				ALWAYS_SEARCH_USER_PATHS = NO;
				ASSETCATALOG_COMPILER_GENERATE_SWIFT_ASSET_SYMBOL_EXTENSIONS = YES;
				CLANG_ANALYZER_NONNULL = YES;
				CLANG_ANALYZER_NUMBER_OBJECT_CONVERSION = YES_AGGRESSIVE;
				CLANG_CXX_LANGUAGE_STANDARD = "gnu++20";
				CLANG_ENABLE_MODULES = YES;
				CLANG_ENABLE_OBJC_ARC = YES;
				CLANG_ENABLE_OBJC_WEAK = YES;
				CLANG_WARN_BLOCK_CAPTURE_AUTORELEASING = YES;
				CLANG_WARN_BOOL_CONVERSION = YES;
				CLANG_WARN_COMMA = YES;
				CLANG_WARN_CONSTANT_CONVERSION = YES;
				CLANG_WARN_DEPRECATED_OBJC_IMPLEMENTATIONS = YES;
				CLANG_WARN_DIRECT_OBJC_ISA_USAGE = YES_ERROR;
				CLANG_WARN_DOCUMENTATION_COMMENTS = YES;
				CLANG_WARN_EMPTY_BODY = YES;
				CLANG_WARN_ENUM_CONVERSION = YES;
				CLANG_WARN_INFINITE_RECURSION = YES;
				CLANG_WARN_INT_CONVERSION = YES;
				CLANG_WARN_NON_LITERAL_NULL_CONVERSION = YES;
				CLANG_WARN_OBJC_IMPLICIT_RETAIN_SELF = YES;
				CLANG_WARN_OBJC_LITERAL_CONVERSION = YES;
				CLANG_WARN_OBJC_ROOT_CLASS = YES_ERROR;
				CLANG_WARN_QUOTED_INCLUDE_IN_FRAMEWORK_HEADER = YES;
				CLANG_WARN_RANGE_LOOP_ANALYSIS = YES;
				CLANG_WARN_STRICT_PROTOTYPES = YES;
				CLANG_WARN_SUSPICIOUS_MOVE = YES;
				CLANG_WARN_UNGUARDED_AVAILABILITY = YES_AGGRESSIVE;
				CLANG_WARN_UNREACHABLE_CODE = YES;
				CLANG_WARN__DUPLICATE_METHOD_MATCH = YES;
				COPY_PHASE_STRIP = NO;
				DEBUG_INFORMATION_FORMAT = "dwarf-with-dsym";
				ENABLE_NS_ASSERTIONS = NO;
				ENABLE_STRICT_OBJC_MSGSEND = YES;
				ENABLE_USER_SCRIPT_SANDBOXING = YES;
				GCC_C_LANGUAGE_STANDARD = gnu17;
				GCC_NO_COMMON_BLOCKS = YES;
				GCC_WARN_64_TO_32_BIT_CONVERSION = YES;
				GCC_WARN_ABOUT_RETURN_TYPE = YES_ERROR;
				GCC_WARN_UNDECLARED_SELECTOR = YES;
				GCC_WARN_UNINITIALIZED_AUTOS = YES_AGGRESSIVE;
				GCC_WARN_UNUSED_FUNCTION = YES;
				GCC_WARN_UNUSED_VARIABLE = YES;
				IPHONEOS_DEPLOYMENT_TARGET = 17.0;
				LOCALIZATION_PREFERS_STRING_CATALOGS = YES;
				MTL_ENABLE_DEBUG_INFO = NO;
				MTL_FAST_MATH = YES;
				SDKROOT = iphoneos;
				SWIFT_COMPILATION_MODE = wholemodule;
				VALIDATE_PRODUCT = YES;
			};
			name = Release;
		};
		67B860FA2B9C5E1C00DAD132 /* Debug */ = {
			isa = XCBuildConfiguration;
			buildSettings = {
				ASSETCATALOG_COMPILER_APPICON_NAME = AppIcon;
				ASSETCATALOG_COMPILER_GLOBAL_ACCENT_COLOR_NAME = AccentColor;
				CODE_SIGN_STYLE = Automatic;
				CURRENT_PROJECT_VERSION = 1;
				DEVELOPMENT_ASSET_PATHS = "\"GumboApp/Preview Content\"";
				DEVELOPMENT_TEAM = KC5533U8L3;
				ENABLE_PREVIEWS = YES;
				GENERATE_INFOPLIST_FILE = YES;
				INFOPLIST_KEY_UIApplicationSceneManifest_Generation = YES;
				INFOPLIST_KEY_UIApplicationSupportsIndirectInputEvents = YES;
				INFOPLIST_KEY_UILaunchScreen_Generation = YES;
				INFOPLIST_KEY_UISupportedInterfaceOrientations_iPad = "UIInterfaceOrientationPortrait UIInterfaceOrientationPortraitUpsideDown UIInterfaceOrientationLandscapeLeft UIInterfaceOrientationLandscapeRight";
				INFOPLIST_KEY_UISupportedInterfaceOrientations_iPhone = "UIInterfaceOrientationPortrait UIInterfaceOrientationLandscapeLeft UIInterfaceOrientationLandscapeRight";
				LD_RUNPATH_SEARCH_PATHS = (
					"$(inherited)",
					"@executable_path/Frameworks",
				);
				MARKETING_VERSION = 1.0;
				PRODUCT_BUNDLE_IDENTIFIER = nosadvova.GumboApp;
				PRODUCT_NAME = "$(TARGET_NAME)";
				SWIFT_EMIT_LOC_STRINGS = YES;
				SWIFT_VERSION = 5.0;
				TARGETED_DEVICE_FAMILY = "1,2";
			};
			name = Debug;
		};
		67B860FB2B9C5E1C00DAD132 /* Release */ = {
			isa = XCBuildConfiguration;
			buildSettings = {
				ASSETCATALOG_COMPILER_APPICON_NAME = AppIcon;
				ASSETCATALOG_COMPILER_GLOBAL_ACCENT_COLOR_NAME = AccentColor;
				CODE_SIGN_STYLE = Automatic;
				CURRENT_PROJECT_VERSION = 1;
				DEVELOPMENT_ASSET_PATHS = "\"GumboApp/Preview Content\"";
				DEVELOPMENT_TEAM = KC5533U8L3;
				ENABLE_PREVIEWS = YES;
				GENERATE_INFOPLIST_FILE = YES;
				INFOPLIST_KEY_UIApplicationSceneManifest_Generation = YES;
				INFOPLIST_KEY_UIApplicationSupportsIndirectInputEvents = YES;
				INFOPLIST_KEY_UILaunchScreen_Generation = YES;
				INFOPLIST_KEY_UISupportedInterfaceOrientations_iPad = "UIInterfaceOrientationPortrait UIInterfaceOrientationPortraitUpsideDown UIInterfaceOrientationLandscapeLeft UIInterfaceOrientationLandscapeRight";
				INFOPLIST_KEY_UISupportedInterfaceOrientations_iPhone = "UIInterfaceOrientationPortrait UIInterfaceOrientationLandscapeLeft UIInterfaceOrientationLandscapeRight";
				LD_RUNPATH_SEARCH_PATHS = (
					"$(inherited)",
					"@executable_path/Frameworks",
				);
				MARKETING_VERSION = 1.0;
				PRODUCT_BUNDLE_IDENTIFIER = nosadvova.GumboApp;
				PRODUCT_NAME = "$(TARGET_NAME)";
				SWIFT_EMIT_LOC_STRINGS = YES;
				SWIFT_VERSION = 5.0;
				TARGETED_DEVICE_FAMILY = "1,2";
			};
			name = Release;
		};
/* End XCBuildConfiguration section */

/* Begin XCConfigurationList section */
		67B860E62B9C5E1A00DAD132 /* Build configuration list for PBXProject "GumboApp" */ = {
			isa = XCConfigurationList;
			buildConfigurations = (
				67B860F72B9C5E1C00DAD132 /* Debug */,
				67B860F82B9C5E1C00DAD132 /* Release */,
			);
			defaultConfigurationIsVisible = 0;
			defaultConfigurationName = Release;
		};
		67B860F92B9C5E1C00DAD132 /* Build configuration list for PBXNativeTarget "GumboApp" */ = {
			isa = XCConfigurationList;
			buildConfigurations = (
				67B860FA2B9C5E1C00DAD132 /* Debug */,
				67B860FB2B9C5E1C00DAD132 /* Release */,
			);
			defaultConfigurationIsVisible = 0;
			defaultConfigurationName = Release;
		};
/* End XCConfigurationList section */

/* Begin XCRemoteSwiftPackageReference section */
		67B861192B9C9A9200DAD132 /* XCRemoteSwiftPackageReference "FLAnimatedImage" */ = {
			isa = XCRemoteSwiftPackageReference;
			repositoryURL = "https://github.com/Flipboard/FLAnimatedImage";
			requirement = {
				kind = upToNextMajorVersion;
				minimumVersion = 1.0.17;
			};
		};
/* End XCRemoteSwiftPackageReference section */

/* Begin XCSwiftPackageProductDependency section */
		67B8611A2B9C9A9200DAD132 /* FLAnimatedImage */ = {
			isa = XCSwiftPackageProductDependency;
			package = 67B861192B9C9A9200DAD132 /* XCRemoteSwiftPackageReference "FLAnimatedImage" */;
			productName = FLAnimatedImage;
		};
/* End XCSwiftPackageProductDependency section */
	};
	rootObject = 67B860E32B9C5E1A00DAD132 /* Project object */;
}
